<?xml version="1.0" encoding="utf-8"?>
<Project ToolsVersion="4.0" xmlns="http://schemas.microsoft.com/developer/msbuild/2003">
  <ItemGroup>
    <ClCompile Include="stdafx.cpp" />
    <ClCompile Include="graphics_device_interface.cpp">
      <Filter>Low-Level Renderer</Filter>
    </ClCompile>
    <ClCompile Include="EmawEngine.cpp">
      <Filter>Core Systems</Filter>
    </ClCompile>
  </ItemGroup>
  <ItemGroup>
    <ClInclude Include="Resource.h" />
    <ClInclude Include="stdafx.h" />
    <ClInclude Include="targetver.h" />
    <ClInclude Include="graphics_device_interface.h">
      <Filter>Low-Level Renderer</Filter>
    </ClInclude>
    <ClInclude Include="EmawEngine.h">
      <Filter>Core Systems</Filter>
    </ClInclude>
  </ItemGroup>
  <ItemGroup>
    <ResourceCompile Include="EmawEngine.rc" />
  </ItemGroup>
  <ItemGroup>
    <Image Include="EmawEngine.ico" />
    <Image Include="small.ico" />
  </ItemGroup>
  <ItemGroup>
    <Text Include="ReadMe.txt" />
  </ItemGroup>
  <ItemGroup>
    <Filter Include="Low-Level Renderer">
      <UniqueIdentifier>{ba10fc82-7954-4bf3-b291-c5a02fd98bd1}</UniqueIdentifier>
    </Filter>
    <Filter Include="Core Systems">
      <UniqueIdentifier>{166e1351-064d-467c-bc47-bce82bd6b6a2}</UniqueIdentifier>
    </Filter>
    <Filter Include="Debugging and Profiling">
      <UniqueIdentifier>{f48afc1c-8ecf-4151-89d1-707812ef2d4d}</UniqueIdentifier>
    </Filter>
    <Filter Include="Human Interface Devices">
      <UniqueIdentifier>{96d74cec-9d82-4713-82fe-5a63089f0aaf}</UniqueIdentifier>
    </Filter>
    <Filter Include="Resources">
      <UniqueIdentifier>{7cb0be83-89c8-4854-831f-8a7b140301f5}</UniqueIdentifier>
    </Filter>
  </ItemGroup>
</Project>