<?xml version="1.0" encoding="utf-8"?>
<Project ToolsVersion="4.0" xmlns="http://schemas.microsoft.com/developer/msbuild/2003">
  <ItemGroup>
    <Filter Include="Packets">
      <UniqueIdentifier>{defd6eda-c6e1-4214-8ac0-0b75618e5a4b}</UniqueIdentifier>
    </Filter>
    <Filter Include="Resource Files">
      <UniqueIdentifier>{67DA6AB6-F800-4c08-8B7A-83BB121AAD01}</UniqueIdentifier>
      <Extensions>rc;ico;cur;bmp;dlg;rc2;rct;bin;rgs;gif;jpg;jpeg;jpe;resx;tiff;tif;png;wav;mfcribbon-ms</Extensions>
    </Filter>
  </ItemGroup>
  <ItemGroup>
    <ClInclude Include="ClientUpdatePacket.h">
      <Filter>Packets</Filter>
    </ClInclude>
    <ClInclude Include="ConnectionPacket.h">
      <Filter>Packets</Filter>
    </ClInclude>
    <ClInclude Include="Packets.h">
      <Filter>Packets</Filter>
    </ClInclude>
    <ClInclude Include="ServerUpdatePacket.h">
      <Filter>Packets</Filter>
    </ClInclude>
    <ClInclude Include="NetworkServices.h" />
    <ClInclude Include="NetworkData.h" />
    <ClInclude Include="resource.h" />
    <ClInclude Include="Stdafx.h" />
  </ItemGroup>
  <ItemGroup>
    <ClCompile Include="ClientUpdatePacket.cpp">
      <Filter>Packets</Filter>
    </ClCompile>
    <ClCompile Include="ConnectionPacket.cpp">
      <Filter>Packets</Filter>
    </ClCompile>
    <ClCompile Include="ServerUpdatePacket.cpp">
      <Filter>Packets</Filter>
    </ClCompile>
    <ClCompile Include="AssemblyInfo.cpp" />
    <ClCompile Include="NetworkServices.cpp" />
    <ClCompile Include="Stdafx.cpp" />
  </ItemGroup>
  <ItemGroup>
    <Text Include="ReadMe.txt" />
  </ItemGroup>
  <ItemGroup>
    <ResourceCompile Include="app.rc">
      <Filter>Resource Files</Filter>
    </ResourceCompile>
  </ItemGroup>
  <ItemGroup>
    <Image Include="app.ico">
      <Filter>Resource Files</Filter>
    </Image>
  </ItemGroup>
</Project>